{
  "requires": true,
  "lockfileVersion": 1,
  "dependencies": {
    "bulma": {
      "version": "0.7.5",
      "resolved": "https://registry.npmjs.org/bulma/-/bulma-0.7.5.tgz",
      "integrity": "sha512-cX98TIn0I6sKba/DhW0FBjtaDpxTelU166pf7ICXpCCuplHWyu6C9LYZmL5PEsnePIeJaiorsTEzzNk3Tsm1hw=="
    },
    "bulma-badge": {
      "version": "3.0.1",
      "resolved": "https://registry.npmjs.org/bulma-badge/-/bulma-badge-3.0.1.tgz",
      "integrity": "sha512-owRTbInXkpsSrFSvCXyWMNyjcQXr7j3Vj4aSnKYISalcmYqql/YVC7e82M/MXFQG8J66ak5VvIu6dCrdAiQUtQ==",
      "requires": {
        "bulma": "^0.7.5"
      }
    }
  }
}
